
Microsoft Visual Studio Solution File, Format Version 12.00
# Visual Studio Version 17
VisualStudioVersion = 17.9.34616.47
MinimumVisualStudioVersion = 10.0.40219.1
Project("{FAE04EC0-301F-11D3-BF4B-00C04F79EFBC}") = "AplikacjaDemo.API", "AplikacjaDemo.API\AplikacjaDemo.API.csproj", "{085E8134-4188-491E-A9C4-F96C3F0BF28F}"
EndProject
Global
	GlobalSection(SolutionConfigurationPlatforms) = preSolution
		Debug|Any CPU = Debug|Any CPU
		Release|Any CPU = Release|Any CPU
	EndGlobalSection
	GlobalSection(ProjectConfigurationPlatforms) = postSolution
		{085E8134-4188-491E-A9C4-F96C3F0BF28F}.Debug|Any CPU.ActiveCfg = Debug|Any CPU
		{085E8134-4188-491E-A9C4-F96C3F0BF28F}.Debug|Any CPU.Build.0 = Debug|Any CPU
		{085E8134-4188-491E-A9C4-F96C3F0BF28F}.Release|Any CPU.ActiveCfg = Release|Any CPU
		{085E8134-4188-491E-A9C4-F96C3F0BF28F}.Release|Any CPU.Build.0 = Release|Any CPU
	EndGlobalSection
	GlobalSection(SolutionProperties) = preSolution
		HideSolutionNode = FALSE
	EndGlobalSection
	GlobalSection(ExtensibilityGlobals) = postSolution
		SolutionGuid = {6385C13C-B6C4-4784-A28F-524AE39E7C41}
	EndGlobalSection
EndGlobal
